
Microsoft Visual Studio Solution File, Format Version 11.00
# Visual Studio 2010
Project("{FAE04EC0-301F-11D3-BF4B-00C04F79EFBC}") = "vs-android.Build.CPPTasks.Android", "vs-android.Build.CPPTasks.Android\vs-android.Build.CPPTasks.Android.csproj", "{1C222A87-6E30-42F3-8875-D030CEA12178}"
EndProject
Global
	GlobalSection(SolutionConfigurationPlatforms) = preSolution
		Debug|Any CPU = Debug|Any CPU
		Release|Any CPU = Release|Any CPU
	EndGlobalSection
	GlobalSection(ProjectConfigurationPlatforms) = postSolution
		{1C222A87-6E30-42F3-8875-D030CEA12178}.Debug|Any CPU.ActiveCfg = Debug|Any CPU
		{1C222A87-6E30-42F3-8875-D030CEA12178}.Debug|Any CPU.Build.0 = Debug|Any CPU
		{1C222A87-6E30-42F3-8875-D030CEA12178}.Release|Any CPU.ActiveCfg = Release|Any CPU
		{1C222A87-6E30-42F3-8875-D030CEA12178}.Release|Any CPU.Build.0 = Release|Any CPU
	EndGlobalSection
	GlobalSection(SolutionProperties) = preSolution
		HideSolutionNode = FALSE
	EndGlobalSection
EndGlobal
